{
  "name": "keitaito.net",
  "version": "1.0.0",
  "lockfileVersion": 3,
  "requires": true,
  "packages": {
    "": {
      "name": "keitaito.net",
      "version": "1.0.0",
      "workspaces": [
        "package/*"
      ]
    },
    "node_modules/@keitaito.net/www": {
      "resolved": "package/www",
      "link": true
    },
    "package/www": {
      "name": "@keitaito.net/www",
      "version": "1.0.0"
    }
  }
}
